{
  "name": "simple-scrollbar-reworked",
  "version": "0.4.0",
  "lockfileVersion": 1,
  "requires": true,
  "dependencies": {
    "simple-scrollbar": {
      "version": "github:TorusHelm/simple-scrollbar-reworked#ec82b7639a7992c13f818ffad4815fd87a22ddd4",
      "from": "github:TorusHelm/simple-scrollbar-reworked"
    }
  }
}
